Microsoft Visual Studio Solution File, Format Version 12.00
# Visual Studio Version 17
VisualStudioVersion = 17.0.31903.59
MinimumVisualStudioVersion = 10.0.40219.1
Project("{FAE04EC0-301F-11D3-BF4B-00C04F79EFBC}") = "MatchingEngine.Tests", "MatchingEngine.Tests\MatchingEngine.Tests.csproj", "{9EE4A470-0BEC-4BF6-97AF-0C071E165350}"
EndProject
Global
	GlobalSection(SolutionConfigurationPlatforms) = preSolution
		Debug|Any CPU = Debug|Any CPU
		Release|Any CPU = Release|Any CPU
	EndGlobalSection
	GlobalSection(ProjectConfigurationPlatforms) = postSolution
		{9EE4A470-0BEC-4BF6-97AF-0C071E165350}.Debug|Any CPU.ActiveCfg = Debug|Any CPU
		{9EE4A470-0BEC-4BF6-97AF-0C071E165350}.Debug|Any CPU.Build.0 = Debug|Any CPU
		{9EE4A470-0BEC-4BF6-97AF-0C071E165350}.Release|Any CPU.ActiveCfg = Release|Any CPU
		{9EE4A470-0BEC-4BF6-97AF-0C071E165350}.Release|Any CPU.Build.0 = Release|Any CPU
	EndGlobalSection
EndGlobal
